# THIS IS AN AUTOGENERATED FILE. DO NOT EDIT THIS FILE DIRECTLY.
# yarn lockfile v1


"@minecraft/common@^1.0.0":
  version "1.0.0"
  resolved "https://registry.yarnpkg.com/@minecraft/common/-/common-1.0.0.tgz#c205afa0194c7117745b991d85a68fc5f5268ace"
  integrity sha512-7WObMvUWaS2zBVBZwc150Kd/apLUYa5tx2fvkLe3JoviEKm7QjZNLghZV9sV/STXmd9k3HBKTKvRyGdNaTIVBA==

"@minecraft/common@^1.1.0-rc.1.20.50-preview.23":
  version "1.1.0-rc.1.20.50-preview.23"
  resolved "https://registry.yarnpkg.com/@minecraft/common/-/common-1.1.0-rc.1.20.50-preview.23.tgz#af0edf8632b8e451cbeca0c447b56b78a7999ffe"
  integrity sha512-sjHzNJuW+yDW8yd22jR090Z21bzyn9ahL4L5hR+8r6ykq4L9aVpQevLGyNNWSYp7txLA3ozNFtWW3slrhpqfVg==

"@minecraft/server-admin@1.0.0-beta.11940b24":
  version "1.0.0-beta.11940b24"
  resolved "https://registry.yarnpkg.com/@minecraft/server-admin/-/server-admin-1.0.0-beta.11940b24.tgz#9c37bbeb41cf6bb65e60a819f82b19ade1ae0f36"
  integrity sha512-UZ8YyB8mvF31f22+uM67gJums9d6NDgz9AQ2l4a++EHUP9uen0m3aaBaqM9RyumJpRBJbv/hslAKOyeDT01qew==

"@minecraft/server-net@^1.0.0-beta.1.20.30-stable":
  version "1.0.0-beta.11940b24"
  resolved "https://registry.yarnpkg.com/@minecraft/server-net/-/server-net-1.0.0-beta.11940b24.tgz#3e8792641a827c318a81e8288b9fd49117f3ab48"
  integrity sha512-jiL03mGNpADCfvPDyydheEAhdi7J++nx5nB7Gyu3GImDlV5pv9uTwKCrnmILrLs4qJTtxhuRLKBKRlVyYDpKMw==
  dependencies:
    "@minecraft/server-admin" "1.0.0-beta.11940b24"

"@minecraft/server-ui@^1.2.0-beta":
  version "1.2.0-beta.1.20.50-preview.23"
  resolved "https://registry.yarnpkg.com/@minecraft/server-ui/-/server-ui-1.2.0-beta.1.20.50-preview.23.tgz#05f8fa9465e55f1b9f411023c78d6b8ed6959052"
  integrity sha512-RmqHHXzgjVtgB/RfJBQ/UQWTDMTzvu9ldCdO5dmoy/apjgZ29vHvout2kv2lcpxXS8qy27Z0pZZRx+I1mMOxEA==
  dependencies:
    "@minecraft/common" "^1.0.0"
    "@minecraft/server" "^1.8.0-beta.1.20.50-preview.23"

"@minecraft/server@^1.7.0-beta":
  version "1.7.0-rc.1.20.50-preview.23"
  resolved "https://registry.yarnpkg.com/@minecraft/server/-/server-1.7.0-rc.1.20.50-preview.23.tgz#c9a16e179ee2546ae3da07c5078153263045b40b"
  integrity sha512-nF5tdQzHSdbNQV5Mtqbo8YRGVoZINhsMI45YKmRDGSXHiqj6FgS9TTA3qRuljWfuiYSBCa/o2FmW6cz/wqgnAA==
  dependencies:
    "@minecraft/common" "^1.1.0-rc.1.20.50-preview.23"

"@minecraft/server@^1.8.0-beta.1.20.50-preview.23":
  version "1.8.0-beta.1.20.50-preview.23"
  resolved "https://registry.yarnpkg.com/@minecraft/server/-/server-1.8.0-beta.1.20.50-preview.23.tgz#85573b2ec831b44b7de3fe72011e96a52441359e"
  integrity sha512-yiKskrKYtsPAYjmhtFbsweU5qKAe4ZxdFAvma6e1YK55IWDoce4HSd0gpdVp6+5FRJktLtauLNQ2k6iti+m2fw==
  dependencies:
    "@minecraft/common" "^1.1.0-rc.1.20.50-preview.23"

http@^0.0.1-security:
  version "0.0.1-security"
  resolved "https://registry.yarnpkg.com/http/-/http-0.0.1-security.tgz#3aac09129d12dc2747bbce4157afde20ad1f7995"
  integrity sha512-RnDvP10Ty9FxqOtPZuxtebw1j4L/WiqNMDtuc1YMH1XQm5TgDRaR1G9u8upL6KD1bXHSp9eSXo/ED+8Q7FAr+g==
